
Microsoft Visual Studio Solution File, Format Version 12.00
Project("{FAE04EC0-301F-11D3-BF4B-00C04F79EFBC}") = "OnlineMarket.WebApi", "OnlineMarket.WebApi\OnlineMarket.WebApi.csproj", "{98DCBF68-31DA-4CB2-8C31-7E65E309F1A2}"
EndProject
Project("{FAE04EC0-301F-11D3-BF4B-00C04F79EFBC}") = "OnlineMarket.Application", "OnlineMarket.Application\OnlineMarket.Application.csproj", "{F70BFC17-FC71-4659-9099-4D7FF2B60920}"
EndProject
Project("{FAE04EC0-301F-11D3-BF4B-00C04F79EFBC}") = "OnlineMarket.Domain", "OnlineMarket.Domain\OnlineMarket.Domain.csproj", "{694AABDE-5361-402F-B151-6504A2F65EDB}"
EndProject
Project("{FAE04EC0-301F-11D3-BF4B-00C04F79EFBC}") = "OnlineMarket.Infrastructure", "OnlineMarket.Infrastructure\OnlineMarket.Infrastructure.csproj", "{7405024B-639B-437B-9F0E-54198BD53EC5}"
EndProject
Project("{2150E333-8FDC-42A3-9474-1A3956D46DE8}") = "Src", "Src", "{8C937701-7A62-4BC3-A17E-A57129D7638E}"
EndProject
Project("{2150E333-8FDC-42A3-9474-1A3956D46DE8}") = "Test", "Test", "{91DC833C-1933-49CA-99EA-8C5AF4B1939E}"
EndProject
Project("{FAE04EC0-301F-11D3-BF4B-00C04F79EFBC}") = "OnlineMarket.DomainTest", "OnlineMarket.DomainTest\OnlineMarket.DomainTest.csproj", "{3369C635-AAA8-44FC-96FF-55B2CB5E809E}"
EndProject
Global
	GlobalSection(SolutionConfigurationPlatforms) = preSolution
		Debug|Any CPU = Debug|Any CPU
		Release|Any CPU = Release|Any CPU
	EndGlobalSection
	GlobalSection(ProjectConfigurationPlatforms) = postSolution
		{98DCBF68-31DA-4CB2-8C31-7E65E309F1A2}.Debug|Any CPU.ActiveCfg = Debug|Any CPU
		{98DCBF68-31DA-4CB2-8C31-7E65E309F1A2}.Debug|Any CPU.Build.0 = Debug|Any CPU
		{98DCBF68-31DA-4CB2-8C31-7E65E309F1A2}.Release|Any CPU.ActiveCfg = Release|Any CPU
		{98DCBF68-31DA-4CB2-8C31-7E65E309F1A2}.Release|Any CPU.Build.0 = Release|Any CPU
		{F70BFC17-FC71-4659-9099-4D7FF2B60920}.Debug|Any CPU.ActiveCfg = Debug|Any CPU
		{F70BFC17-FC71-4659-9099-4D7FF2B60920}.Debug|Any CPU.Build.0 = Debug|Any CPU
		{F70BFC17-FC71-4659-9099-4D7FF2B60920}.Release|Any CPU.ActiveCfg = Release|Any CPU
		{F70BFC17-FC71-4659-9099-4D7FF2B60920}.Release|Any CPU.Build.0 = Release|Any CPU
		{694AABDE-5361-402F-B151-6504A2F65EDB}.Debug|Any CPU.ActiveCfg = Debug|Any CPU
		{694AABDE-5361-402F-B151-6504A2F65EDB}.Debug|Any CPU.Build.0 = Debug|Any CPU
		{694AABDE-5361-402F-B151-6504A2F65EDB}.Release|Any CPU.ActiveCfg = Release|Any CPU
		{694AABDE-5361-402F-B151-6504A2F65EDB}.Release|Any CPU.Build.0 = Release|Any CPU
		{7405024B-639B-437B-9F0E-54198BD53EC5}.Debug|Any CPU.ActiveCfg = Debug|Any CPU
		{7405024B-639B-437B-9F0E-54198BD53EC5}.Debug|Any CPU.Build.0 = Debug|Any CPU
		{7405024B-639B-437B-9F0E-54198BD53EC5}.Release|Any CPU.ActiveCfg = Release|Any CPU
		{7405024B-639B-437B-9F0E-54198BD53EC5}.Release|Any CPU.Build.0 = Release|Any CPU
		{3369C635-AAA8-44FC-96FF-55B2CB5E809E}.Debug|Any CPU.ActiveCfg = Debug|Any CPU
		{3369C635-AAA8-44FC-96FF-55B2CB5E809E}.Debug|Any CPU.Build.0 = Debug|Any CPU
		{3369C635-AAA8-44FC-96FF-55B2CB5E809E}.Release|Any CPU.ActiveCfg = Release|Any CPU
		{3369C635-AAA8-44FC-96FF-55B2CB5E809E}.Release|Any CPU.Build.0 = Release|Any CPU
	EndGlobalSection
	GlobalSection(NestedProjects) = preSolution
		{F70BFC17-FC71-4659-9099-4D7FF2B60920} = {8C937701-7A62-4BC3-A17E-A57129D7638E}
		{694AABDE-5361-402F-B151-6504A2F65EDB} = {8C937701-7A62-4BC3-A17E-A57129D7638E}
		{7405024B-639B-437B-9F0E-54198BD53EC5} = {8C937701-7A62-4BC3-A17E-A57129D7638E}
		{98DCBF68-31DA-4CB2-8C31-7E65E309F1A2} = {8C937701-7A62-4BC3-A17E-A57129D7638E}
		{3369C635-AAA8-44FC-96FF-55B2CB5E809E} = {91DC833C-1933-49CA-99EA-8C5AF4B1939E}
	EndGlobalSection
EndGlobal
